// !$*UTF8*$!
{
	archiveVersion = 1;
	classes = {
	};
	objectVersion = 46;
	objects = {

/* Begin PBXBuildFile section */
		5D19AEA91E6756E6002479F7 /* main.m in Sources */ = {isa = PBXBuildFile; fileRef = 5D19AEA81E6756E6002479F7 /* main.m */; };
		5D19AEAC1E6756E6002479F7 /* AppDelegate.m in Sources */ = {isa = PBXBuildFile; fileRef = 5D19AEAB1E6756E6002479F7 /* AppDelegate.m */; };
		5D19AEAF1E6756E6002479F7 /* EveryDoItAgain.xcdatamodeld in Sources */ = {isa = PBXBuildFile; fileRef = 5D19AEAD1E6756E6002479F7 /* EveryDoItAgain.xcdatamodeld */; };
		5D19AEB21E6756E6002479F7 /* MasterViewController.m in Sources */ = {isa = PBXBuildFile; fileRef = 5D19AEB11E6756E6002479F7 /* MasterViewController.m */; };
		5D19AEB51E6756E6002479F7 /* DetailViewController.m in Sources */ = {isa = PBXBuildFile; fileRef = 5D19AEB41E6756E6002479F7 /* DetailViewController.m */; };
		5D19AEB81E6756E6002479F7 /* Main.storyboard in Resources */ = {isa = PBXBuildFile; fileRef = 5D19AEB61E6756E6002479F7 /* Main.storyboard */; };
		5D19AEBA1E6756E6002479F7 /* Assets.xcassets in Resources */ = {isa = PBXBuildFile; fileRef = 5D19AEB91E6756E6002479F7 /* Assets.xcassets */; };
		5D19AEBD1E6756E6002479F7 /* LaunchScreen.storyboard in Resources */ = {isa = PBXBuildFile; fileRef = 5D19AEBB1E6756E6002479F7 /* LaunchScreen.storyboard */; };
/* End PBXBuildFile section */

/* Begin PBXFileReference section */
		5D19AEA41E6756E6002479F7 /* EveryDoItAgain.app */ = {isa = PBXFileReference; explicitFileType = wrapper.application; includeInIndex = 0; path = EveryDoItAgain.app; sourceTree = BUILT_PRODUCTS_DIR; };
		5D19AEA81E6756E6002479F7 /* main.m */ = {isa = PBXFileReference; lastKnownFileType = sourcecode.c.objc; path = main.m; sourceTree = "<group>"; };
		5D19AEAA1E6756E6002479F7 /* AppDelegate.h */ = {isa = PBXFileReference; lastKnownFileType = sourcecode.c.h; path = AppDelegate.h; sourceTree = "<group>"; };
		5D19AEAB1E6756E6002479F7 /* AppDelegate.m */ = {isa = PBXFileReference; lastKnownFileType = sourcecode.c.objc; path = AppDelegate.m; sourceTree = "<group>"; };
		5D19AEAE1E6756E6002479F7 /* EveryDoItAgain.xcdatamodel */ = {isa = PBXFileReference; lastKnownFileType = wrapper.xcdatamodel; path = EveryDoItAgain.xcdatamodel; sourceTree = "<group>"; };
		5D19AEB01E6756E6002479F7 /* MasterViewController.h */ = {isa = PBXFileReference; lastKnownFileType = sourcecode.c.h; path = MasterViewController.h; sourceTree = "<group>"; };
		5D19AEB11E6756E6002479F7 /* MasterViewController.m */ = {isa = PBXFileReference; lastKnownFileType = sourcecode.c.objc; path = MasterViewController.m; sourceTree = "<group>"; };
		5D19AEB31E6756E6002479F7 /* DetailViewController.h */ = {isa = PBXFileReference; lastKnownFileType = sourcecode.c.h; path = DetailViewController.h; sourceTree = "<group>"; };
		5D19AEB41E6756E6002479F7 /* DetailViewController.m */ = {isa = PBXFileReference; lastKnownFileType = sourcecode.c.objc; path = DetailViewController.m; sourceTree = "<group>"; };
		5D19AEB71E6756E6002479F7 /* Base */ = {isa = PBXFileReference; lastKnownFileType = file.storyboard; name = Base; path = Base.lproj/Main.storyboard; sourceTree = "<group>"; };
		5D19AEB91E6756E6002479F7 /* Assets.xcassets */ = {isa = PBXFileReference; lastKnownFileType = folder.assetcatalog; path = Assets.xcassets; sourceTree = "<group>"; };
		5D19AEBC1E6756E6002479F7 /* Base */ = {isa = PBXFileReference; lastKnownFileType = file.storyboard; name = Base; path = Base.lproj/LaunchScreen.storyboard; sourceTree = "<group>"; };
		5D19AEBE1E6756E6002479F7 /* Info.plist */ = {isa = PBXFileReference; lastKnownFileType = text.plist.xml; path = Info.plist; sourceTree = "<group>"; };
/* End PBXFileReference section */

/* Begin PBXFrameworksBuildPhase section */
		5D19AEA11E6756E6002479F7 /* Frameworks */ = {
			isa = PBXFrameworksBuildPhase;
			buildActionMask = 2147483647;
			files = (
			);
			runOnlyForDeploymentPostprocessing = 0;
		};
/* End PBXFrameworksBuildPhase section */

/* Begin PBXGroup section */
		5D19AE9B1E6756E6002479F7 = {
			isa = PBXGroup;
			children = (
				5D19AEA61E6756E6002479F7 /* EveryDoItAgain */,
				5D19AEA51E6756E6002479F7 /* Products */,
			);
			sourceTree = "<group>";
		};
		5D19AEA51E6756E6002479F7 /* Products */ = {
			isa = PBXGroup;
			children = (
				5D19AEA41E6756E6002479F7 /* EveryDoItAgain.app */,
			);
			name = Products;
			sourceTree = "<group>";
		};
		5D19AEA61E6756E6002479F7 /* EveryDoItAgain */ = {
			isa = PBXGroup;
			children = (
				5D19AEAA1E6756E6002479F7 /* AppDelegate.h */,
				5D19AEAB1E6756E6002479F7 /* AppDelegate.m */,
				5D19AEB01E6756E6002479F7 /* MasterViewController.h */,
				5D19AEB11E6756E6002479F7 /* MasterViewController.m */,
				5D19AEB31E6756E6002479F7 /* DetailViewController.h */,
				5D19AEB41E6756E6002479F7 /* DetailViewController.m */,
				5D19AEB61E6756E6002479F7 /* Main.storyboard */,
				5D19AEB91E6756E6002479F7 /* Assets.xcassets */,
				5D19AEBB1E6756E6002479F7 /* LaunchScreen.storyboard */,
				5D19AEBE1E6756E6002479F7 /* Info.plist */,
				5D19AEAD1E6756E6002479F7 /* EveryDoItAgain.xcdatamodeld */,
				5D19AEA71E6756E6002479F7 /* Supporting Files */,
			);
			path = EveryDoItAgain;
			sourceTree = "<group>";
		};
		5D19AEA71E6756E6002479F7 /* Supporting Files */ = {
			isa = PBXGroup;
			children = (
				5D19AEA81E6756E6002479F7 /* main.m */,
			);
			name = "Supporting Files";
			sourceTree = "<group>";
		};
/* End PBXGroup section */

/* Begin PBXNativeTarget section */
		5D19AEA31E6756E6002479F7 /* EveryDoItAgain */ = {
			isa = PBXNativeTarget;
			buildConfigurationList = 5D19AEC11E6756E6002479F7 /* Build configuration list for PBXNativeTarget "EveryDoItAgain" */;
			buildPhases = (
				5D19AEA01E6756E6002479F7 /* Sources */,
				5D19AEA11E6756E6002479F7 /* Frameworks */,
				5D19AEA21E6756E6002479F7 /* Resources */,
			);
			buildRules = (
			);
			dependencies = (
			);
			name = EveryDoItAgain;
			productName = EveryDoItAgain;
			productReference = 5D19AEA41E6756E6002479F7 /* EveryDoItAgain.app */;
			productType = "com.apple.product-type.application";
		};
/* End PBXNativeTarget section */

/* Begin PBXProject section */
		5D19AE9C1E6756E6002479F7 /* Project object */ = {
			isa = PBXProject;
			attributes = {
				LastUpgradeCheck = 0820;
				ORGANIZATIONNAME = "Sofia Knezevic";
				TargetAttributes = {
					5D19AEA31E6756E6002479F7 = {
						CreatedOnToolsVersion = 8.2.1;
						DevelopmentTeam = SKGXTRK4EB;
						ProvisioningStyle = Automatic;
					};
				};
			};
			buildConfigurationList = 5D19AE9F1E6756E6002479F7 /* Build configuration list for PBXProject "EveryDoItAgain" */;
			compatibilityVersion = "Xcode 3.2";
			developmentRegion = English;
			hasScannedForEncodings = 0;
			knownRegions = (
				en,
				Base,
			);
			mainGroup = 5D19AE9B1E6756E6002479F7;
			productRefGroup = 5D19AEA51E6756E6002479F7 /* Products */;
			projectDirPath = "";
			projectRoot = "";
			targets = (
				5D19AEA31E6756E6002479F7 /* EveryDoItAgain */,
			);
		};
/* End PBXProject section */

/* Begin PBXResourcesBuildPhase section */
		5D19AEA21E6756E6002479F7 /* Resources */ = {
			isa = PBXResourcesBuildPhase;
			buildActionMask = 2147483647;
			files = (
				5D19AEBD1E6756E6002479F7 /* LaunchScreen.storyboard in Resources */,
				5D19AEBA1E6756E6002479F7 /* Assets.xcassets in Resources */,
				5D19AEB81E6756E6002479F7 /* Main.storyboard in Resources */,
			);
			runOnlyForDeploymentPostprocessing = 0;
		};
/* End PBXResourcesBuildPhase section */

/* Begin PBXSourcesBuildPhase section */
		5D19AEA01E6756E6002479F7 /* Sources */ = {
			isa = PBXSourcesBuildPhase;
			buildActionMask = 2147483647;
			files = (
				5D19AEB51E6756E6002479F7 /* DetailViewController.m in Sources */,
				5D19AEB21E6756E6002479F7 /* MasterViewController.m in Sources */,
				5D19AEAC1E6756E6002479F7 /* AppDelegate.m in Sources */,
				5D19AEA91E6756E6002479F7 /* main.m in Sources */,
				5D19AEAF1E6756E6002479F7 /* EveryDoItAgain.xcdatamodeld in Sources */,
			);
			runOnlyForDeploymentPostprocessing = 0;
		};
/* End PBXSourcesBuildPhase section */

/* Begin PBXVariantGroup section */
		5D19AEB61E6756E6002479F7 /* Main.storyboard */ = {
			isa = PBXVariantGroup;
			children = (
				5D19AEB71E6756E6002479F7 /* Base */,
			);
			name = Main.storyboard;
			sourceTree = "<group>";
		};
		5D19AEBB1E6756E6002479F7 /* LaunchScreen.storyboard */ = {
			isa = PBXVariantGroup;
			children = (
				5D19AEBC1E6756E6002479F7 /* Base */,
			);
			name = LaunchScreen.storyboard;
			sourceTree = "<group>";
		};
/* End PBXVariantGroup section */

/* Begin XCBuildConfiguration section */
		5D19AEBF1E6756E6002479F7 /* Debug */ = {
			isa = XCBuildConfiguration;
			buildSettings = {
				ALWAYS_SEARCH_USER_PATHS = NO;
				CLANG_ANALYZER_NONNULL = YES;
				CLANG_CXX_LANGUAGE_STANDARD = "gnu++0x";
				CLANG_CXX_LIBRARY = "libc++";
				CLANG_ENABLE_MODULES = YES;
				CLANG_ENABLE_OBJC_ARC = YES;
				CLANG_WARN_BOOL_CONVERSION = YES;
				CLANG_WARN_CONSTANT_CONVERSION = YES;
				CLANG_WARN_DIRECT_OBJC_ISA_USAGE = YES_ERROR;
				CLANG_WARN_DOCUMENTATION_COMMENTS = YES;
				CLANG_WARN_EMPTY_BODY = YES;
				CLANG_WARN_ENUM_CONVERSION = YES;
				CLANG_WARN_INFINITE_RECURSION = YES;
				CLANG_WARN_INT_CONVERSION = YES;
				CLANG_WARN_OBJC_ROOT_CLASS = YES_ERROR;
				CLANG_WARN_SUSPICIOUS_MOVE = YES;
				CLANG_WARN_UNREACHABLE_CODE = YES;
				CLANG_WARN__DUPLICATE_METHOD_MATCH = YES;
				"CODE_SIGN_IDENTITY[sdk=iphoneos*]" = "iPhone Developer";
				COPY_PHASE_STRIP = NO;
				DEBUG_INFORMATION_FORMAT = dwarf;
				ENABLE_STRICT_OBJC_MSGSEND = YES;
				ENABLE_TESTABILITY = YES;
				GCC_C_LANGUAGE_STANDARD = gnu99;
				GCC_DYNAMIC_NO_PIC = NO;
				GCC_NO_COMMON_BLOCKS = YES;
				GCC_OPTIMIZATION_LEVEL = 0;
				GCC_PREPROCESSOR_DEFINITIONS = (
					"DEBUG=1",
					"$(inherited)",
				);
				GCC_WARN_64_TO_32_BIT_CONVERSION = YES;
				GCC_WARN_ABOUT_RETURN_TYPE = YES_ERROR;
				GCC_WARN_UNDECLARED_SELECTOR = YES;
				GCC_WARN_UNINITIALIZED_AUTOS = YES_AGGRESSIVE;
				GCC_WARN_UNUSED_FUNCTION = YES;
				GCC_WARN_UNUSED_VARIABLE = YES;
				IPHONEOS_DEPLOYMENT_TARGET = 10.2;
				MTL_ENABLE_DEBUG_INFO = YES;
				ONLY_ACTIVE_ARCH = YES;
				SDKROOT = iphoneos;
			};
			name = Debug;
		};
		5D19AEC01E6756E6002479F7 /* Release */ = {
			isa = XCBuildConfiguration;
			buildSettings = {
				ALWAYS_SEARCH_USER_PATHS = NO;
				CLANG_ANALYZER_NONNULL = YES;
				CLANG_CXX_LANGUAGE_STANDARD = "gnu++0x";
				CLANG_CXX_LIBRARY = "libc++";
				CLANG_ENABLE_MODULES = YES;
				CLANG_ENABLE_OBJC_ARC = YES;
				CLANG_WARN_BOOL_CONVERSION = YES;
				CLANG_WARN_CONSTANT_CONVERSION = YES;
				CLANG_WARN_DIRECT_OBJC_ISA_USAGE = YES_ERROR;
				CLANG_WARN_DOCUMENTATION_COMMENTS = YES;
				CLANG_WARN_EMPTY_BODY = YES;
				CLANG_WARN_ENUM_CONVERSION = YES;
				CLANG_WARN_INFINITE_RECURSION = YES;
				CLANG_WARN_INT_CONVERSION = YES;
				CLANG_WARN_OBJC_ROOT_CLASS = YES_ERROR;
				CLANG_WARN_SUSPICIOUS_MOVE = YES;
				CLANG_WARN_UNREACHABLE_CODE = YES;
				CLANG_WARN__DUPLICATE_METHOD_MATCH = YES;
				"CODE_SIGN_IDENTITY[sdk=iphoneos*]" = "iPhone Developer";
				COPY_PHASE_STRIP = NO;
				DEBUG_INFORMATION_FORMAT = "dwarf-with-dsym";
				ENABLE_NS_ASSERTIONS = NO;
				ENABLE_STRICT_OBJC_MSGSEND = YES;
				GCC_C_LANGUAGE_STANDARD = gnu99;
				GCC_NO_COMMON_BLOCKS = YES;
				GCC_WARN_64_TO_32_BIT_CONVERSION = YES;
				GCC_WARN_ABOUT_RETURN_TYPE = YES_ERROR;
				GCC_WARN_UNDECLARED_SELECTOR = YES;
				GCC_WARN_UNINITIALIZED_AUTOS = YES_AGGRESSIVE;
				GCC_WARN_UNUSED_FUNCTION = YES;
				GCC_WARN_UNUSED_VARIABLE = YES;
				IPHONEOS_DEPLOYMENT_TARGET = 10.2;
				MTL_ENABLE_DEBUG_INFO = NO;
				SDKROOT = iphoneos;
				VALIDATE_PRODUCT = YES;
			};
			name = Release;
		};
		5D19AEC21E6756E6002479F7 /* Debug */ = {
			isa = XCBuildConfiguration;
			buildSettings = {
				ASSETCATALOG_COMPILER_APPICON_NAME = AppIcon;
				DEVELOPMENT_TEAM = SKGXTRK4EB;
				INFOPLIST_FILE = EveryDoItAgain/Info.plist;
				LD_RUNPATH_SEARCH_PATHS = "$(inherited) @executable_path/Frameworks";
				PRODUCT_BUNDLE_IDENTIFIER = sofiaknezevic.EveryDoItAgain;
				PRODUCT_NAME = "$(TARGET_NAME)";
			};
			name = Debug;
		};
		5D19AEC31E6756E6002479F7 /* Release */ = {
			isa = XCBuildConfiguration;
			buildSettings = {
				ASSETCATALOG_COMPILER_APPICON_NAME = AppIcon;
				DEVELOPMENT_TEAM = SKGXTRK4EB;
				INFOPLIST_FILE = EveryDoItAgain/Info.plist;
				LD_RUNPATH_SEARCH_PATHS = "$(inherited) @executable_path/Frameworks";
				PRODUCT_BUNDLE_IDENTIFIER = sofiaknezevic.EveryDoItAgain;
				PRODUCT_NAME = "$(TARGET_NAME)";
			};
			name = Release;
		};
/* End XCBuildConfiguration section */

/* Begin XCConfigurationList section */
		5D19AE9F1E6756E6002479F7 /* Build configuration list for PBXProject "EveryDoItAgain" */ = {
			isa = XCConfigurationList;
			buildConfigurations = (
				5D19AEBF1E6756E6002479F7 /* Debug */,
				5D19AEC01E6756E6002479F7 /* Release */,
			);
			defaultConfigurationIsVisible = 0;
			defaultConfigurationName = Release;
		};
		5D19AEC11E6756E6002479F7 /* Build configuration list for PBXNativeTarget "EveryDoItAgain" */ = {
			isa = XCConfigurationList;
			buildConfigurations = (
				5D19AEC21E6756E6002479F7 /* Debug */,
				5D19AEC31E6756E6002479F7 /* Release */,
			);
			defaultConfigurationIsVisible = 0;
		};
/* End XCConfigurationList section */

/* Begin XCVersionGroup section */
		5D19AEAD1E6756E6002479F7 /* EveryDoItAgain.xcdatamodeld */ = {
			isa = XCVersionGroup;
			children = (
				5D19AEAE1E6756E6002479F7 /* EveryDoItAgain.xcdatamodel */,
			);
			currentVersion = 5D19AEAE1E6756E6002479F7 /* EveryDoItAgain.xcdatamodel */;
			path = EveryDoItAgain.xcdatamodeld;
			sourceTree = "<group>";
			versionGroupType = wrapper.xcdatamodel;
		};
/* End XCVersionGroup section */
	};
	rootObject = 5D19AE9C1E6756E6002479F7 /* Project object */;
}
